
Microsoft Visual Studio Solution File, Format Version 12.00
# Visual Studio Version 17
VisualStudioVersion = 17.2.32630.192
MinimumVisualStudioVersion = 10.0.40219.1
Project("{FAE04EC0-301F-11D3-BF4B-00C04F79EFBC}") = "GeometryExample", "Test\GeometryExample.csproj", "{CFB0B1E6-DFAC-4CBC-A4AB-0C03ACDC3201}"
EndProject
Global
	GlobalSection(SolutionConfigurationPlatforms) = preSolution
		Debug|Any CPU = Debug|Any CPU
		Release|Any CPU = Release|Any CPU
	EndGlobalSection
	GlobalSection(ProjectConfigurationPlatforms) = postSolution
		{CFB0B1E6-DFAC-4CBC-A4AB-0C03ACDC3201}.Debug|Any CPU.ActiveCfg = Debug|Any CPU
		{CFB0B1E6-DFAC-4CBC-A4AB-0C03ACDC3201}.Debug|Any CPU.Build.0 = Debug|Any CPU
		{CFB0B1E6-DFAC-4CBC-A4AB-0C03ACDC3201}.Release|Any CPU.ActiveCfg = Release|Any CPU
		{CFB0B1E6-DFAC-4CBC-A4AB-0C03ACDC3201}.Release|Any CPU.Build.0 = Release|Any CPU
	EndGlobalSection
	GlobalSection(SolutionProperties) = preSolution
		HideSolutionNode = FALSE
	EndGlobalSection
	GlobalSection(ExtensibilityGlobals) = postSolution
		SolutionGuid = {2DB18A14-7093-4669-86F8-1CA3810288CB}
	EndGlobalSection
EndGlobal
